
Microsoft Visual Studio Solution File, Format Version 12.00
# Visual Studio 15
VisualStudioVersion = 15.0.27428.2037
MinimumVisualStudioVersion = 10.0.40219.1
Project("{9A19103F-16F7-4668-BE54-9A1E7A4F7556}") = "Com.Ericmas001.Common", "Com.Ericmas001.Common\Com.Ericmas001.Common.csproj", "{40A20EC6-40EA-4618-B838-82D2BFA3A774}"
EndProject
Project("{2150E333-8FDC-42A3-9474-1A3956D46DE8}") = "Solution Items", "Solution Items", "{3A498131-9A04-4F5B-82B8-F0670C156AFA}"
	ProjectSection(SolutionItems) = preProject
		.gitignore = .gitignore
		.travis.yml = .travis.yml
		LICENSE = LICENSE
		README.md = README.md
	EndProjectSection
EndProject
Project("{2150E333-8FDC-42A3-9474-1A3956D46DE8}") = "Resources", "Resources", "{0880C6B6-EFE5-443A-B2F9-A132BA992674}"
	ProjectSection(SolutionItems) = preProject
		Resources\lib.png = Resources\lib.png
		Resources\nuget.png = Resources\nuget.png
	EndProjectSection
EndProject
Global
	GlobalSection(SolutionConfigurationPlatforms) = preSolution
		Debug|Any CPU = Debug|Any CPU
		Release|Any CPU = Release|Any CPU
	EndGlobalSection
	GlobalSection(ProjectConfigurationPlatforms) = postSolution
		{40A20EC6-40EA-4618-B838-82D2BFA3A774}.Debug|Any CPU.ActiveCfg = Debug|Any CPU
		{40A20EC6-40EA-4618-B838-82D2BFA3A774}.Debug|Any CPU.Build.0 = Debug|Any CPU
		{40A20EC6-40EA-4618-B838-82D2BFA3A774}.Release|Any CPU.ActiveCfg = Release|Any CPU
		{40A20EC6-40EA-4618-B838-82D2BFA3A774}.Release|Any CPU.Build.0 = Release|Any CPU
	EndGlobalSection
	GlobalSection(SolutionProperties) = preSolution
		HideSolutionNode = FALSE
	EndGlobalSection
	GlobalSection(NestedProjects) = preSolution
		{0880C6B6-EFE5-443A-B2F9-A132BA992674} = {3A498131-9A04-4F5B-82B8-F0670C156AFA}
	EndGlobalSection
	GlobalSection(ExtensibilityGlobals) = postSolution
		SolutionGuid = {15173CF2-8BDB-48E5-AD02-74EB67E8B443}
	EndGlobalSection
EndGlobal
